(setq el-get-lock-package-versions
      '((company-mode :checksum "dc4927b3509ae37ceec3993bacd28b7b7cfa19b3")
        (magit :checksum "2e6dcf8fe8672dca67e59a72975c2d850ce9bc16")
        (hcl-mode :checksum "cc13180e3af748d53c4a1d433ce2edf99bf68a7d")
        (emacs-async :checksum "14170a45c8cf91a0133960442509197e683c256d")
        (with-editor :checksum "d28d07497f67fea4c62fe7a2d3201fd86fb64fe2")
        (helm-projectile :checksum "228c57e80569e5aa144b4d81d09c41afb0131bb3")
        (seq :checksum "0bfd9873323910170c6754e7e8a2e59ef0b0579d")
        (auto-highlight-symbol :checksum "26573de912d760e04321b350897aea70958cee8b")
        (migemo :checksum "c2240afa9afc0f003bb1d846710505e8e8e38169")
        (yatex :checksum "e37af485338a332839b6f04b8524f400538d1801")
        (d-mode :checksum "d8528a41b16d1ca288df5f5c790e276f2e76ed4f")
        (js2-mode :checksum "ae3ed936b7ae72a6e726a3701107edb7fe67b8ce")
        (emacs-hcl-mode :checksum "cc13180e3af748d53c4a1d433ce2edf99bf68a7d")
        (powerline :checksum "cafd957b33dbe8dc318b423082830a1f910da333")
        (yasnippet :checksum "e9406f51266f9b9179f475886fa4ec78f1ccba44")
        (emacs-crystal-mode :checksum "a46894262b5695f13224b0af81f6bd5885a81ae5")
        (git-gutter :checksum "331643894d5be532b12e480d936014e2a9694f7d")
        (el-get-lock :checksum "046ffb568c6964ea30813338234aea2d60a5c632")
        (el-get :checksum "ef436e5abfbf2e25171922b38f2db951c257db9d")
        (replace-colorthemes :checksum "7107540d22e8ff045e0707de84c8b179fd829302")
        (flycheck :checksum "33d3b68821fc7b63463b67ff57c711c863c5f768")
        (json-mode :checksum "ce275e004dc7265047a80dec68b24eb058b200f0")
        (json-reformat :checksum "24c2bf3c41897b5cf1398dcaedfec88526308bf4")
        (json-snatcher :checksum "c4cecc0a5051bd364373aa499c47a1bb7a5ac51c")
        (zlc :checksum "4dd2ba267ecdeac845a7cbb3147294ee7daa25f4")
        (yaml-mode :checksum "e73adcebb1689a4a878dd6d56f3a52cd4ed04c4c")
        (web-mode :checksum "9bd7a7ebcbe67ae8f14d585d04b93569fa496ec7")
        (wdired :checksum "43af756b0dcded78251baaaeac48cc40a11f6c03")
        (volatile-highlights :checksum "a5dccb026232733f72c98ce394d836b2e5cd42ac")
        (vimrc-mode :checksum "d4c7d41091eb282e617c973f5b1fc29c69dc9a28")
        (undo-tree :checksum "a3e81b682053a81e082139300ef0a913a7a610a2")
        (yaxception :checksum "4e94cf3e0b9b5631b0e90eb4b7de597ee7185875")
        (log4e :checksum "6592682ab7de0e3d1915aa4d3c53e083be79fbeb")
        (terraform-mode :checksum "3458515359c1f3c82b40e72317b7dd49c05ea873")
        (sql-indent :checksum "7d5641dd68135e7070f5026c44e518266c663434")
        (smartrep :checksum "f0ff5a6d7b8603603598ae3045c98b011e58d86e")
        (slim-mode :checksum "869c84821cf3e556b380c5c35d8ad62287c4df58")
        (scss-mode :checksum "b010d134f499c4b4ad33fe8a669a81e9a531b0b2")
        (sass-mode :checksum "7f0df85fd1b90e40e019a0f2e4ea6661169ceb65")
        (ruby-end :checksum "79b4ea788b9cae9282da809507d0a56aa9c057c8")
        (ruby-block :checksum "289c34dca6daa1a1591537e1c56b687c14631930")
        (rspec-mode :checksum "87a89718839d96796da10fd91f7a6f08fb775f71")
        (rhtml-mode :checksum "a6d71b38a3db867ccf82999c99805db1a3a33c33")
        (recentf-ext :checksum "495bfe07e8a759f1e6dfbd45e62ae2f72404ff79")
        (revive :checksum "2832fdcdc9fca090a62bb10177c723ec690b4c4a")
        (projectile-rails :checksum "f994baf135a7afd86f750c4467f4ed228b15c35d")
        (rake :checksum "eba311a8f5ccfb6535efbc26fa58c43e3f1e5515")
        (projectile :checksum "af247751fb17cdffe6a2f4713d733c734eb421cf")
        (pkg-info :checksum "4dbe328c9eced79e0004e3fdcd7bfb997a928be5")
        (epl :checksum "a5ad061d0a5eb42f66c384e55d102da7d52c96b0")
        (f :checksum "de85171132fc0d3bdb8ca9264845b478e28c7b81")
        (inf-ruby :checksum "db89398caabccce307bee11b39cc9cad1b58d6a1")
        (popwin :checksum "95dea14c60019d6cccf9a3b33e0dec4e1f22c304")
        (php-mode :checksum "9083f3ac3f61f2cbf30f034151518860b992c782")
        (nginx-mode :checksum "8a296e30b01adbc40d1aa9ccde369a972ac5ceab")
        (multiple-cursors :checksum "6a62e60bf2920b0790ce27dfce8afd7c9f079f80")
        (mmm-mode :checksum "c9a857a638701482931ffaaee262b61ce53489f3")
        (markdown-mode :checksum "12c21861425c45c8f9767f1607e09203f0f58b3e")
        (less-css-mode :checksum "d59a3ff4031ae75fbbe77b6cfce7843205394c28")
        (init-loader :checksum "1f28a0b801cbb08aa9b47fd15ceab243a2bc064c")
        (htmlize :checksum "aa6e2f6dba6fdfa200c7c55efe29ff63380eac8f")
        (hlinum :checksum "fc6a2fd6bafbf64a9898476244d3bd75f749f39a")
        (linum-ex :checksum "1e0a6c7e363e8295eff4a981bc42b5656c1ca401")
        (highlight-symbol :checksum "7a789c779648c55b16e43278e51be5898c121b3a")
        (helm-rails :checksum "31d79cd0feca11cbb1aa532a8d2112ec794de4f0")
        (git-modes :checksum "3423997a89f63eb4c8a4ce495928bc5951767932")
        (helm-ls-git :checksum "841400ff302c5fdcba55fd6b2a18a01b420fcfd2")
        (helm-gtags :checksum "dbe0d2d9d08058d469ad2d729bd782515b5b3b62")
        (helm-ghq :checksum "db37bfe290b234ed3f39dcce24667072172ded41")
        (helm-descbinds :checksum "3c344979f1df0d1a5cc913674e56c4d45c346134")
        (helm-ag :checksum "0c11519b9f452002715ce9ec3fcbe96567e8d2f4")
        (helm :checksum "2227344374e3113b149da84a65591ec673520777")
        (haml-mode :checksum "7717db6fa4a90d618b4a5e3fef2ac1d24ce39be3")
        (go-eldoc :checksum "ebf17e486bb64af494278f851f674303c954432c")
        (go-mode :checksum "50bceae59420818f2551081784d2f52f5423610e")
        (gnuplot-mode :checksum "21f9046e3f5caad41b750b5c9cee02fa4fd20fb9")
        (gh :checksum "9f7045eec60e0b852d984bd40ebcff1e5cff9709")
        (request :checksum "adf7de452f9914406bfb693541f1d280093c4efd")
        (deferred :checksum "896d4b53210289afe489e1ee7db4e12cb9248109")
        (logito :checksum "824acb89d2cc18cb47281a4fbddd81ad244a2052")
        (pcache :checksum "e5539ed2c8b3d0bb6b40ff4295883b50c3b73e6f")
        (tabulated-list :checksum "b547d9b728935102d1c418bc0e978c221c37f6ab")
        (flymake-cursor :checksum "5cac5045398b1436ceb143d48961b50d38ae1396")
        (flymake-coffee :checksum "325ab379592fdf9017d7c19625c7a978f6f3af3b")
        (flymake-easy :checksum "de41ea49503f71f997e5c359a2ad08df696c0147")
        (flymake :checksum "8701c806d5e8f4e2c6f7dea461273482ad89c029")
        (feature-mode :checksum "84562dd5cb2d86216cf548be47defb094de04960")
        (expand-region :checksum "59f67115263676de5345581216640019975c4fda")
        (exec-path-from-shell :checksum "c2ca275d3243e8253513ced73e3ac21dc352e303")
        (enh-ruby-mode :checksum "73d949ab1de16a4d3f368cde94dd5403c0402ab4")
        (dockerfile-mode :checksum "53434afa3b56eb9284d5e2c21956e43046cae1fa")
        (color-moccur :checksum "4f1c59ffd1ccc2ab1a171cd6b721e8cb9e002fb7")
        (coffee-mode :checksum "e1331a2b1f29fe54a0d8b4facfa02ab2e115b7b2")
        (batch-mode :checksum "47cfc894ffaa4bc5b537e34aff35f62897ca7ccf")
        (fuzzy :checksum "534d723ad2e06322ff8d9bd0ba4863d243f698e7")
        (popup :checksum "4abbbf99d7986d0cec9056195bcb45ce38c56c05")
        (anzu :checksum "174b940c7e53e9e8180abc718d61dd200f7748be")
        (all-ext :checksum "103a75f84efbe5f791d5c826d88296b81772cc4a")
        (ag :checksum "29d40fdaa4f605e9a6bf689050f0767f3ba22307")
        (s :checksum "2184337a132944f669144d0078d1fa1220012840")
        (dash :checksum "6d8abc7322ab4509f5836c05b8145090d725fb19")))
(setq el-get-lock-locked-packages 'nil)
(setq el-get-lock-unlocked-packages 'nil)
