(setq el-get-lock-package-versions
      '((toml-mode :checksum "0bbf0618fde844cd2e12765c8ca566df09066445")
        (s :checksum "fc395c8d5e6c14d5e0920ab80d4d5df007eed14a")
        (groovy-emacs-modes :checksum "5dc1e6a43727b8170f828b48fbbc52aad152de46")
        (flycheck-gometalinter :checksum "33cc9c2d7101e0448e5e49e23487c50df163f7db")
        (indent-guide :checksum "69e1cd78f7379ff3f2c3d2a9f31610ace645bad7")
        (company-mode :checksum "f2327bc7f303fcf83c3d8f9c76f61deaa110ebb5")
        (magit :checksum "acb8efe770b55ae23f24cf8d2dc4e62bc37c1b88")
        (hcl-mode :checksum "4ce807c57c755b1eb15e17e35f2680c86595c171")
        (emacs-async :checksum "82428780ec96e18ae801783f8d7388749fafd5fa")
        (with-editor :checksum "b2d9d6b38cbb3993d4c100b098fc7efc9274b9b4")
        (helm-projectile :checksum "bc14d326fe892c902c55d093cccefb0fefde29b9")
        (auto-highlight-symbol :checksum "26573de912d760e04321b350897aea70958cee8b")
        (yatex :checksum "e37af485338a332839b6f04b8524f400538d1801")
        (d-mode :checksum "d8528a41b16d1ca288df5f5c790e276f2e76ed4f")
        (emacs-hcl-mode :checksum "4ce807c57c755b1eb15e17e35f2680c86595c171")
        (powerline :checksum "d3dcfc57a36111d8e0b037d90c6ffce85ce071b2")
        (yasnippet :checksum "e6b865127783f498b61fa99ad0f5413200ac09d0")
        (emacs-crystal-mode :checksum "a46894262b5695f13224b0af81f6bd5885a81ae5")
        (git-gutter :checksum "6bdb196dd214f0afd6f7c6f75ef7ef3c8dd22ee0")
        (el-get-lock :checksum "5a6c7d4eddaaf1402e9344e30628a3e57affeb54")
        (el-get :checksum "4b767b8565c5090538b1d73500dd50f2102150cb")
        (replace-colorthemes :checksum "c76b6e8e702457fc2e8907b367efdafd3b7123d9")
        (flycheck :checksum "63313b30396f4a27544ce952b93a7c7a190691cf")
        (json-mode :checksum "e8ba0c03c5c10f61b8f0b3f5d531ef1d80dec9b0")
        (json-reformat :checksum "8eb6668ed447988aea06467ba8f42e1f2178246f")
        (json-snatcher :checksum "c4cecc0a5051bd364373aa499c47a1bb7a5ac51c")
        (zlc :checksum "4dd2ba267ecdeac845a7cbb3147294ee7daa25f4")
        (yaml-mode :checksum "2ace378bef2047a980fba0e42e3e6b5d990f2c66")
        (web-mode :checksum "fda08e84567f62ea02b8a4893c745c237eb6b5b9")
        (wdired :checksum "43af756b0dcded78251baaaeac48cc40a11f6c03")
        (volatile-highlights :checksum "9a20091f0ce7fc0a6b3e641a6a46d5f3ac4d8392")
        (vimrc-mode :checksum "fae7604e5ea6eef104d8c68598c3bbf9d798aa74")
        (undo-tree :checksum "4cba00bb049cfaa2ee6821a9e347209a88a740b5")
        (yaxception :checksum "4e94cf3e0b9b5631b0e90eb4b7de597ee7185875")
        (log4e :checksum "6592682ab7de0e3d1915aa4d3c53e083be79fbeb")
        (terraform-mode :checksum "6337c5eda0abacc5b38e241dae0fadd8cecc81e5")
        (sql-indent :checksum "7d5641dd68135e7070f5026c44e518266c663434")
        (smartrep :checksum "f0ff5a6d7b8603603598ae3045c98b011e58d86e")
        (slim-mode :checksum "869c84821cf3e556b380c5c35d8ad62287c4df58")
        (scss-mode :checksum "b010d134f499c4b4ad33fe8a669a81e9a531b0b2")
        (sass-mode :checksum "37105f46f6ea3592039f2ea7d0463ae7f042616e")
        (ruby-end :checksum "79b4ea788b9cae9282da809507d0a56aa9c057c8")
        (ruby-block :checksum "289c34dca6daa1a1591537e1c56b687c14631930")
        (rspec-mode :checksum "9e254cef81dc5533739efab2d81a575df0334629")
        (rhtml-mode :checksum "a6d71b38a3db867ccf82999c99805db1a3a33c33")
        (recentf-ext :checksum "495bfe07e8a759f1e6dfbd45e62ae2f72404ff79")
        (revive :checksum "2832fdcdc9fca090a62bb10177c723ec690b4c4a")
        (rake :checksum "eba311a8f5ccfb6535efbc26fa58c43e3f1e5515")
        (projectile :checksum "967645f8c719d43ef983cfce630202dbbc9b8c8a")
        (pkg-info :checksum "76ba7415480687d05a4353b27fea2ae02b8d9d61")
        (epl :checksum "a5ad061d0a5eb42f66c384e55d102da7d52c96b0")
        (f :checksum "de85171132fc0d3bdb8ca9264845b478e28c7b81")
        (inf-ruby :checksum "db89398caabccce307bee11b39cc9cad1b58d6a1")
        (popwin :checksum "95dea14c60019d6cccf9a3b33e0dec4e1f22c304")
        (php-mode :checksum "7337424d83aa77fbb5d12ba2a54293744ab30d36")
        (nginx-mode :checksum "a04cef3a07d235eb03bd944fe6923664493896ee")
        (multiple-cursors :checksum "632768113df76ac9d688fef5530f567716419dd6")
        (mmm-mode :checksum "c9a857a638701482931ffaaee262b61ce53489f3")
        (markdown-mode :checksum "c81e26ff477d46f68bcf0c6397d5f5346d9b0129")
        (less-css-mode :checksum "59bf174c4e9f053ec2a7ef8c8a8198490390f6fb")
        (init-loader :checksum "287da99eadfa3dd85492506db43d68324069b593")
        (htmlize :checksum "aa6e2f6dba6fdfa200c7c55efe29ff63380eac8f")
        (hlinum :checksum "fc6a2fd6bafbf64a9898476244d3bd75f749f39a")
        (linum-ex :checksum "1e0a6c7e363e8295eff4a981bc42b5656c1ca401")
        (highlight-symbol :checksum "7a789c779648c55b16e43278e51be5898c121b3a")
        (git-modes :checksum "3423997a89f63eb4c8a4ce495928bc5951767932")
        (helm-ls-git :checksum "742eeb6c33253b2be581e30b5d70113cd87a581d")
        (helm-gtags :checksum "76c573d2c0bd277041d917c9968b180d48a0fdce")
        (helm-ghq :checksum "21ccdb537a3be3d9351e01c6365df8e804e8bc56")
        (helm-ag :checksum "7a687f97e0ae7cb4cc4520aee9c97f84f2088ed9")
        (helm :checksum "2fca3400574e5f2666c942c674ce0f8e6ca6b232")
        (haml-mode :checksum "7717db6fa4a90d618b4a5e3fef2ac1d24ce39be3")
        (go-eldoc :checksum "ecf71a75ccfac7f9bc6fac64ef536f2ffb56b3bf")
        (go-mode :checksum "9d94107fae1b1137fb46f8cd7efc7e28f3abf2cb")
        (gnuplot-mode :checksum "21f9046e3f5caad41b750b5c9cee02fa4fd20fb9")
        (gh :checksum "9f7045eec60e0b852d984bd40ebcff1e5cff9709")
        (request :checksum "adf7de452f9914406bfb693541f1d280093c4efd")
        (deferred :checksum "896d4b53210289afe489e1ee7db4e12cb9248109")
        (logito :checksum "824acb89d2cc18cb47281a4fbddd81ad244a2052")
        (pcache :checksum "e5539ed2c8b3d0bb6b40ff4295883b50c3b73e6f")
        (tabulated-list :checksum "b547d9b728935102d1c418bc0e978c221c37f6ab")
        (flymake-cursor :checksum "ecc539082c3fc9e91bba33d72c26989217411593")
        (flymake-coffee :checksum "325ab379592fdf9017d7c19625c7a978f6f3af3b")
        (flymake-easy :checksum "de41ea49503f71f997e5c359a2ad08df696c0147")
        (flymake :checksum "8701c806d5e8f4e2c6f7dea461273482ad89c029")
        (feature-mode :checksum "f0aaa806b52eec7ee8fe97883274ed49c28e8eb8")
        (expand-region :checksum "0bc14fc7fbbcca5da4fdd9695cfd7cbd36eb3b96")
        (exec-path-from-shell :checksum "5836fb1656493be4152e8f20b5b0ec3d49ca2787")
        (enh-ruby-mode :checksum "5493f9fde48557d6aaaf38dd63adfdd8538496ff")
        (dockerfile-mode :checksum "53434afa3b56eb9284d5e2c21956e43046cae1fa")
        (color-moccur :checksum "4f1c59ffd1ccc2ab1a171cd6b721e8cb9e002fb7")
        (coffee-mode :checksum "026222983aee3842f6ddac9024364dcaacd9a73e")
        (batch-mode :checksum "47cfc894ffaa4bc5b537e34aff35f62897ca7ccf")
        (fuzzy :checksum "534d723ad2e06322ff8d9bd0ba4863d243f698e7")
        (popup :checksum "4abbbf99d7986d0cec9056195bcb45ce38c56c05")
        (anzu :checksum "e6c56ca8b23ac433f7be58b6f3f50801dd4164e4")
        (all-ext :checksum "103a75f84efbe5f791d5c826d88296b81772cc4a")
        (ag :checksum "2427786228f13f5893a8513d4837d14d1a1b375f")
        (dash :checksum "d4bccfe1acb7cf1247d11f1b317da29900c9d096")))
(setq el-get-lock-locked-packages 'nil)
(setq el-get-lock-unlocked-packages 'nil)
