(setq el-get-lock-package-versions
      '((magit :checksum "3be90fb87e18f705b30d9ec81ac128bf23eb63a3")
        (hcl-mode :checksum "cc13180e3af748d53c4a1d433ce2edf99bf68a7d")
        (emacs-async :checksum "14170a45c8cf91a0133960442509197e683c256d")
        (with-editor :checksum "d28d07497f67fea4c62fe7a2d3201fd86fb64fe2")
        (helm-projectile :checksum "87476ab9f5113d6c4e5de9920911b951b4092c19")
        (seq :checksum "0bfd9873323910170c6754e7e8a2e59ef0b0579d")
        (auto-highlight-symbol :checksum "26573de912d760e04321b350897aea70958cee8b")
        (migemo :checksum "c2240afa9afc0f003bb1d846710505e8e8e38169")
        (yatex :checksum "e37af485338a332839b6f04b8524f400538d1801")
        (d-mode :checksum "d8528a41b16d1ca288df5f5c790e276f2e76ed4f")
        (js2-mode :checksum "87f43f37c6b4a94fa15b0d95dfdb3ac7dafde77b")
        (emacs-hcl-mode :checksum "cc13180e3af748d53c4a1d433ce2edf99bf68a7d")
        (powerline :checksum "b0793ac11cdd6de17848ac654d61b1255416789e")
        (yasnippet :checksum "4af9fc98155eff79797302eb587c68079fa56149")
        (emacs-crystal-mode :checksum "a46894262b5695f13224b0af81f6bd5885a81ae5")
        (git-gutter :checksum "4d4a10c32360712b5806892502af634ecebfacb4")
        (el-get-lock :checksum "046ffb568c6964ea30813338234aea2d60a5c632")
        (el-get :checksum "1450eebeff9553ce17dd910933aa84e0d2d54a1a")
        (replace-colorthemes :checksum "0a804c611da57b2d7c02c95f26eb8a7fc305f159")
        (flycheck :checksum "985085d1d064fd543f1e73530c50853a40480cce")
        (json-mode :checksum "ce275e004dc7265047a80dec68b24eb058b200f0")
        (json-reformat :checksum "24c2bf3c41897b5cf1398dcaedfec88526308bf4")
        (json-snatcher :checksum "c4cecc0a5051bd364373aa499c47a1bb7a5ac51c")
        (zlc :checksum "4dd2ba267ecdeac845a7cbb3147294ee7daa25f4")
        (zeal-at-point :checksum "ba25ee7b8378545e849be371f3ad4676d73b2e02")
        (yaml-mode :checksum "c7573962216f79e93642b91e7aa8552f7be46b41")
        (web-mode :checksum "88c4c397cf501deb5b7b34320f90568423e76b7e")
        (wdired :checksum "43af756b0dcded78251baaaeac48cc40a11f6c03")
        (volatile-highlights :checksum "a5dccb026232733f72c98ce394d836b2e5cd42ac")
        (vimrc-mode :checksum "d4c7d41091eb282e617c973f5b1fc29c69dc9a28")
        (undo-tree :checksum "a3e81b682053a81e082139300ef0a913a7a610a2")
        (tss :checksum "81ac6351a2ae258fd0ebf916dae9bd5a179fefd0")
        (yaxception :checksum "4e94cf3e0b9b5631b0e90eb4b7de597ee7185875")
        (log4e :checksum "6592682ab7de0e3d1915aa4d3c53e083be79fbeb")
        (terraform-mode :checksum "6157690efce03ff20b16b85e2be6b0964efec2fb")
        (sql-indent :checksum "7d5641dd68135e7070f5026c44e518266c663434")
        (smartrep :checksum "f0ff5a6d7b8603603598ae3045c98b011e58d86e")
        (slim-mode :checksum "869c84821cf3e556b380c5c35d8ad62287c4df58")
        (scss-mode :checksum "b010d134f499c4b4ad33fe8a669a81e9a531b0b2")
        (sass-mode :checksum "3da9040680880743fddb55a965ecd150d1039df6")
        (ruby-end :checksum "79b4ea788b9cae9282da809507d0a56aa9c057c8")
        (ruby-block :checksum "289c34dca6daa1a1591537e1c56b687c14631930")
        (rspec-mode :checksum "031d36dab878e5aa2f7e26ec2fa639903e17303e")
        (rhtml-mode :checksum "a6d71b38a3db867ccf82999c99805db1a3a33c33")
        (recentf-ext :checksum "495bfe07e8a759f1e6dfbd45e62ae2f72404ff79")
        (revive :checksum "2832fdcdc9fca090a62bb10177c723ec690b4c4a")
        (projectile-rails :checksum "087fe5ac7d1013e55acffd2dab1867c4ac57ec19")
        (rake :checksum "eba311a8f5ccfb6535efbc26fa58c43e3f1e5515")
        (projectile :checksum "bd68bf45bad027d2f1c32ca88da9e7a01b67664a")
        (pkg-info :checksum "4dbe328c9eced79e0004e3fdcd7bfb997a928be5")
        (epl :checksum "a5ad061d0a5eb42f66c384e55d102da7d52c96b0")
        (f :checksum "de85171132fc0d3bdb8ca9264845b478e28c7b81")
        (inf-ruby :checksum "e91b349e4f80fd5ce7609c81cd05e7b3ebef2146")
        (popwin :checksum "95dea14c60019d6cccf9a3b33e0dec4e1f22c304")
        (php-mode :checksum "9b32f4caaeb22d7cc32c5dd64c1a99507d56141e")
        (open-junk-file :checksum "a5643846681c672b8f95af85b4d36349879b1aad")
        (nginx-mode :checksum "8a296e30b01adbc40d1aa9ccde369a972ac5ceab")
        (multiple-cursors :checksum "8297f1f210f263fd96dfc28e9fb43522fd102c23")
        (mmm-mode :checksum "c9a857a638701482931ffaaee262b61ce53489f3")
        (markdown-mode :checksum "a9119a6a646ec794d00f6e394e70db6cf234b161")
        (less-css-mode :checksum "d59a3ff4031ae75fbbe77b6cfce7843205394c28")
        (init-loader :checksum "1f28a0b801cbb08aa9b47fd15ceab243a2bc064c")
        (htmlize :checksum "aa6e2f6dba6fdfa200c7c55efe29ff63380eac8f")
        (hlinum :checksum "fc6a2fd6bafbf64a9898476244d3bd75f749f39a")
        (linum-ex :checksum "1e0a6c7e363e8295eff4a981bc42b5656c1ca401")
        (highlight-symbol :checksum "7a789c779648c55b16e43278e51be5898c121b3a")
        (helm-rails :checksum "31d79cd0feca11cbb1aa532a8d2112ec794de4f0")
        (git-modes :checksum "3423997a89f63eb4c8a4ce495928bc5951767932")
        (helm-ls-git :checksum "841400ff302c5fdcba55fd6b2a18a01b420fcfd2")
        (helm-gtags :checksum "cdea3bb37ee2be14e9c322f440102d3d1bf35fb5")
        (helm-ghq :checksum "db37bfe290b234ed3f39dcce24667072172ded41")
        (helm-descbinds :checksum "3c344979f1df0d1a5cc913674e56c4d45c346134")
        (helm-ag :checksum "8028bd28cdfc92b08dff082e97f7df525e545f58")
        (helm :checksum "84d59acef7eefacbabfbcb611d2b2d7922a2450d")
        (haml-mode :checksum "7717db6fa4a90d618b4a5e3fef2ac1d24ce39be3")
        (go-eldoc :checksum "ebf17e486bb64af494278f851f674303c954432c")
        (go-autocomplete :checksum "3b7488f4e4c234abbea9c5ff313a3a7139fc56e8")
        (go-mode :checksum "b7675005349d5faaf6c6cf3d4322309f6c94b90c")
        (gnuplot-mode :checksum "21f9046e3f5caad41b750b5c9cee02fa4fd20fb9")
        (gh :checksum "9f7045eec60e0b852d984bd40ebcff1e5cff9709")
        (request :checksum "adf7de452f9914406bfb693541f1d280093c4efd")
        (deferred :checksum "896d4b53210289afe489e1ee7db4e12cb9248109")
        (logito :checksum "824acb89d2cc18cb47281a4fbddd81ad244a2052")
        (pcache :checksum "e5539ed2c8b3d0bb6b40ff4295883b50c3b73e6f")
        (tabulated-list :checksum "b547d9b728935102d1c418bc0e978c221c37f6ab")
        (flymake-cursor :checksum "5cac5045398b1436ceb143d48961b50d38ae1396")
        (flymake-coffee :checksum "325ab379592fdf9017d7c19625c7a978f6f3af3b")
        (flymake-easy :checksum "de41ea49503f71f997e5c359a2ad08df696c0147")
        (flymake :checksum "8701c806d5e8f4e2c6f7dea461273482ad89c029")
        (feature-mode :checksum "84562dd5cb2d86216cf548be47defb094de04960")
        (expand-region :checksum "59f67115263676de5345581216640019975c4fda")
        (exec-path-from-shell :checksum "c2ca275d3243e8253513ced73e3ac21dc352e303")
        (enh-ruby-mode :checksum "73d949ab1de16a4d3f368cde94dd5403c0402ab4")
        (dockerfile-mode :checksum "53434afa3b56eb9284d5e2c21956e43046cae1fa")
        (color-moccur :checksum "4f1c59ffd1ccc2ab1a171cd6b721e8cb9e002fb7")
        (coffee-mode :checksum "e1331a2b1f29fe54a0d8b4facfa02ab2e115b7b2")
        (batch-mode :checksum "47cfc894ffaa4bc5b537e34aff35f62897ca7ccf")
        (auto-complete :checksum "08af29236e686c876ac7a45670562f3487ff02e0")
        (fuzzy :checksum "534d723ad2e06322ff8d9bd0ba4863d243f698e7")
        (popup :checksum "4abbbf99d7986d0cec9056195bcb45ce38c56c05")
        (anzu :checksum "174b940c7e53e9e8180abc718d61dd200f7748be")
        (all-ext :checksum "103a75f84efbe5f791d5c826d88296b81772cc4a")
        (ag :checksum "29d40fdaa4f605e9a6bf689050f0767f3ba22307")
        (s :checksum "b2436c2ee5c1f3284b567c4cd48e5b4ed953d49e")
        (dash :checksum "1fce650170b974a3a76ad7150fe13ca0b9769d2d")))
(setq el-get-lock-locked-packages 'nil)
(setq el-get-lock-unlocked-packages 'nil)
